
Microsoft Visual Studio Solution File, Format Version 12.00
# Visual Studio 15
Project("{FAE04EC0-301F-11D3-BF4B-00C04F79EFBC}") = "ProDerivatives.Ethereum", "src\ProDerivatives.Ethereum.csproj", "{14F76AA6-092C-45C3-9318-AAF39FEA51CC}"
EndProject
Project("{FAE04EC0-301F-11D3-BF4B-00C04F79EFBC}") = "EthereumTests", "test\EthereumTests.csproj", "{D50E5B77-0D32-4C60-BB88-4AE77139DD35}"
EndProject
Global
	GlobalSection(SolutionConfigurationPlatforms) = preSolution
		Debug|Any CPU = Debug|Any CPU
		Release|Any CPU = Release|Any CPU
	EndGlobalSection
	GlobalSection(ProjectConfigurationPlatforms) = postSolution
		{14F76AA6-092C-45C3-9318-AAF39FEA51CC}.Debug|Any CPU.ActiveCfg = Debug|Any CPU
		{14F76AA6-092C-45C3-9318-AAF39FEA51CC}.Debug|Any CPU.Build.0 = Debug|Any CPU
		{14F76AA6-092C-45C3-9318-AAF39FEA51CC}.Release|Any CPU.ActiveCfg = Release|Any CPU
		{14F76AA6-092C-45C3-9318-AAF39FEA51CC}.Release|Any CPU.Build.0 = Release|Any CPU
		{D50E5B77-0D32-4C60-BB88-4AE77139DD35}.Debug|Any CPU.ActiveCfg = Debug|Any CPU
		{D50E5B77-0D32-4C60-BB88-4AE77139DD35}.Debug|Any CPU.Build.0 = Debug|Any CPU
		{D50E5B77-0D32-4C60-BB88-4AE77139DD35}.Release|Any CPU.ActiveCfg = Release|Any CPU
		{D50E5B77-0D32-4C60-BB88-4AE77139DD35}.Release|Any CPU.Build.0 = Release|Any CPU
	EndGlobalSection
	GlobalSection(MonoDevelopProperties) = preSolution
		version = 1
		Policies = $0
		$0.VersionControlPolicy = $1
	EndGlobalSection
EndGlobal
